
Microsoft Visual Studio Solution File, Format Version 12.00
# Visual Studio Version 17
VisualStudioVersion = 17.4.33110.190
MinimumVisualStudioVersion = 10.0.40219.1
Project("{FAE04EC0-301F-11D3-BF4B-00C04F79EFBC}") = "WeatherApi", "WeatherApi\WeatherApi.csproj", "{FE0C740D-406A-4DC8-942A-D0923034E607}"
EndProject
Project("{FAE04EC0-301F-11D3-BF4B-00C04F79EFBC}") = "WeatherMvcFront", "WeatherMvcFront\WeatherMvcFront.csproj", "{6F5B4CED-00D9-4CBA-811F-6C7441CC0A26}"
EndProject
Global
	GlobalSection(SolutionConfigurationPlatforms) = preSolution
		Debug|Any CPU = Debug|Any CPU
		Release|Any CPU = Release|Any CPU
	EndGlobalSection
	GlobalSection(ProjectConfigurationPlatforms) = postSolution
		{FE0C740D-406A-4DC8-942A-D0923034E607}.Debug|Any CPU.ActiveCfg = Debug|Any CPU
		{FE0C740D-406A-4DC8-942A-D0923034E607}.Debug|Any CPU.Build.0 = Debug|Any CPU
		{FE0C740D-406A-4DC8-942A-D0923034E607}.Release|Any CPU.ActiveCfg = Release|Any CPU
		{FE0C740D-406A-4DC8-942A-D0923034E607}.Release|Any CPU.Build.0 = Release|Any CPU
		{6F5B4CED-00D9-4CBA-811F-6C7441CC0A26}.Debug|Any CPU.ActiveCfg = Debug|Any CPU
		{6F5B4CED-00D9-4CBA-811F-6C7441CC0A26}.Debug|Any CPU.Build.0 = Debug|Any CPU
		{6F5B4CED-00D9-4CBA-811F-6C7441CC0A26}.Release|Any CPU.ActiveCfg = Release|Any CPU
		{6F5B4CED-00D9-4CBA-811F-6C7441CC0A26}.Release|Any CPU.Build.0 = Release|Any CPU
	EndGlobalSection
	GlobalSection(SolutionProperties) = preSolution
		HideSolutionNode = FALSE
	EndGlobalSection
	GlobalSection(ExtensibilityGlobals) = postSolution
		SolutionGuid = {99E4FE23-5164-4D3E-A0EE-5E43A3985519}
	EndGlobalSection
EndGlobal
